// !$*UTF8*$!
{
	archiveVersion = 1;
	classes = {};
	objectVersion = 56;
	objects = {
		2A7B98D3F896488CB64A1CAC /* GlamMeUppStudioApp.swift in Sources */ = {isa = PBXBuildFile; fileRef = EA8B88C49F15474BA504B691; };
		B2213A02C43941A5A1727A3D /* MainTabView.swift in Sources */ = {isa = PBXBuildFile; fileRef = 10F908EB16AC423C80C05BAA; };
		EBD09881322F4FD28D62C4D1 /* AnalyticsDashboardView.swift in Sources */ = {isa = PBXBuildFile; fileRef = AD59BC2DD71A42F48FE6F403; };
		22C2ECF3955345218A95179C /* ClientGrowthChartView.swift in Sources */ = {isa = PBXBuildFile; fileRef = C4680A399AAC4779B180AABA; };
		9F579C2DF9E243EE9E5BC8C8 /* IncomeChartView.swift in Sources */ = {isa = PBXBuildFile; fileRef = 77390938A17A43E5A0E4952B; };
		0AD66EAB97AF4DD686B20B99 /* InstagramInsightsView.swift in Sources */ = {isa = PBXBuildFile; fileRef = 1BC50B0F4B554CA189AF5CF4; };
		784DD50B311C4E79A10054A7 /* ReceiptPreviewView.swift in Sources */ = {isa = PBXBuildFile; fileRef = 83434FD11924420DAD82EA01; };
		164D6DE2B149425DABDEE4B3 /* SettingsView.swift in Sources */ = {isa = PBXBuildFile; fileRef = 88128A0279E74335A6AB1C42; };
		5D495A0CA2154E9887492276 /* ClientDetailView.swift in Sources */ = {isa = PBXBuildFile; fileRef = 28D4C272A46943F887ABC50F; };
		3F5CC3801D3D48C793317F44 /* ClientFormView.swift in Sources */ = {isa = PBXBuildFile; fileRef = B4133ACFB60F4623ACA2F425; };
		6DC2543BB34E422E814A3E2A /* ClientListView.swift in Sources */ = {isa = PBXBuildFile; fileRef = C0904035E58249D4A5934790; };
		F365337D9A0247B59B87BAEC /* FaceChartCanvasView.swift in Sources */ = {isa = PBXBuildFile; fileRef = 7BC6A85571324D13BC6DD965; };
		7A49D40ACBE9411886750536 /* SkinProfileEditorView.swift in Sources */ = {isa = PBXBuildFile; fileRef = DA6C2C46D4D54B36A08AC5B3; };
		EA83B4E7FFC14CFC91848A55 /* TimelineView.swift in Sources */ = {isa = PBXBuildFile; fileRef = 40412122F8DA4509B31852CC; };
		3417E16C4D9846EDA3E73E9A /* KitInventoryView.swift in Sources */ = {isa = PBXBuildFile; fileRef = 93E1425CB0714E88A8FC5459; };
		CC88A794A93447E19A97286C /* ExpenseListView.swift in Sources */ = {isa = PBXBuildFile; fileRef = AF52CC8A9C50479FAA346756; };
		1C4379E852D847CE8F78FB8F /* AppointmentFormView.swift in Sources */ = {isa = PBXBuildFile; fileRef = 681ADDA3D6704E068D8265AC; };
		CE132CAD20974343BB712119 /* CalendarView.swift in Sources */ = {isa = PBXBuildFile; fileRef = 2159E07361B7422683708F6C; };
		1280C5CBF87048D5AE897814 /* ServiceLogView.swift in Sources */ = {isa = PBXBuildFile; fileRef = 5553AFBE880B494CBCC362F6; };
		AABA962746BB4625B537B6EB /* BridalContractListView.swift in Sources */ = {isa = PBXBuildFile; fileRef = 04ACA002936742308873AB81; };
		8A5C22DC30634844BB48F801 /* GlassCard.swift in Sources */ = {isa = PBXBuildFile; fileRef = 323CD29E25D74A6ABF2A67D3; };
		4DB53DD2C7AC4AF984E555F4 /* Theme.swift in Sources */ = {isa = PBXBuildFile; fileRef = 3B1D2558CB954221BE5E893D; };
		324531AA7557451F938452AB /* AnalyticsSnapshot.swift in Sources */ = {isa = PBXBuildFile; fileRef = 76CC0619FF7F437CBF80FF63; };
		1E91228126E546EAB0951FB4 /* AnalyticsTypes.swift in Sources */ = {isa = PBXBuildFile; fileRef = 9F9A0669ADCA4F6D95D1ACA8; };
		7818EC4D48B549E6B8CB7D65 /* Appointment.swift in Sources */ = {isa = PBXBuildFile; fileRef = DDED2D89464C400FBCBDB09E; };
		BC69B55A1EB34818899315EB /* BridalContract.swift in Sources */ = {isa = PBXBuildFile; fileRef = 6F5168EACE2142309F419CAC; };
		B97BB28C4238489790A9C135 /* CustomerProfile.swift in Sources */ = {isa = PBXBuildFile; fileRef = 374613CB13A34352B59DC255; };
		72FC57644C8A4276B411F2BE /* Enums.swift in Sources */ = {isa = PBXBuildFile; fileRef = 52E4A58E90834839A2639D3C; };
		2A618F0E6EF24815B755677A /* Expense.swift in Sources */ = {isa = PBXBuildFile; fileRef = 2897C7124AC246D9AFCE6FD9; };
		845F2F984EC644C1A4D70DFA /* FaceChart.swift in Sources */ = {isa = PBXBuildFile; fileRef = EDBD51716BF849C9A43D8C6C; };
		FA18D8D2976C44D89A31D08F /* KitItem.swift in Sources */ = {isa = PBXBuildFile; fileRef = 5D83913347B14D6F8FBD5A06; };
		51B9EB2CCE9543F7815F2F07 /* Receipt.swift in Sources */ = {isa = PBXBuildFile; fileRef = AD70D925CDC04628A33417CB; };
		795CC0CE18574B96AD893565 /* ServiceCatalogItem.swift in Sources */ = {isa = PBXBuildFile; fileRef = 2D990E80D9AB4ACC8E547657; };
		F551035E4DB3462EA1A606F9 /* StudioConfiguration.swift in Sources */ = {isa = PBXBuildFile; fileRef = 7DC3CC1403A346BBAC1FB3D1; };
		366B0D0570034D3BA185EF20 /* TouchUpTemplate.swift in Sources */ = {isa = PBXBuildFile; fileRef = 2DBADA83AD694E5CA944F155; };
		B8A83DE5D0E34945BD299866 /* AnalyticsEngine.swift in Sources */ = {isa = PBXBuildFile; fileRef = 361D098467D14D619117DE5F; };
		D48B5FD71F3A42C69D525054 /* CancellationFeeCalculator.swift in Sources */ = {isa = PBXBuildFile; fileRef = F6EBF8DD105B4E31B768252C; };
		18F8DDB2A90F412F878F5295 /* CareerDataSeeder.swift in Sources */ = {isa = PBXBuildFile; fileRef = 6547FFAD97E548049680DA2A; };
		2E962D8DC64A4736986E674D /* ConfigurationManager.swift in Sources */ = {isa = PBXBuildFile; fileRef = 5E5CCC457F0B44E6B80AB7E2; };
		14335377341A4FC9908C8ED9 /* CustomerProfileService.swift in Sources */ = {isa = PBXBuildFile; fileRef = FA01DBDD30684573A841C923; };
		4776F7DD45BD4FD6AC3A961A /* IncomeAllocationService.swift in Sources */ = {isa = PBXBuildFile; fileRef = 3CC8B7BA4835441CB22FEFE1; };
		7A0A041AE9144283A6C08492 /* InstagramInsightsService.swift in Sources */ = {isa = PBXBuildFile; fileRef = C8FC143C4DF6413188887F34; };
		4042FF490B1341D1B9367A1B /* KitInventoryService.swift in Sources */ = {isa = PBXBuildFile; fileRef = DDED6D5317C644F49B055DAB; };
		7CC8412C98F74444ADE54A84 /* ReceiptPDFGenerator.swift in Sources */ = {isa = PBXBuildFile; fileRef = 4600A2B890C6406B8CFCC6A9; };
		44C0CF732E1742B99D5FC37A /* ServiceLogAnalyticsService.swift in Sources */ = {isa = PBXBuildFile; fileRef = 13343D68242145749CFCE30B; };
		C45B57BA073C4B6783739E83 /* TouchUpMessageEngine.swift in Sources */ = {isa = PBXBuildFile; fileRef = 2DBD737D1F7C482CB485FF19; };
		9F7BDDA1C0114B8EB70C8AA1 /* TravelFeeCalculator.swift in Sources */ = {isa = PBXBuildFile; fileRef = D0627382FADA4349A99AD3E8; };
		17F19BEF4576478DA62A6403 /* GlamMeUppStudio.app */ = {isa = PBXFileReference; explicitFileType = wrapper.application; includeInIndex = 0; path = GlamMeUppStudio.app; sourceTree = BUILT_PRODUCTS_DIR; };
		EA8B88C49F15474BA504B691 /* GlamMeUppStudioApp.swift */ = {isa = PBXFileReference; lastKnownFileType = sourcecode.swift; name = GlamMeUppStudioApp.swift; path = GlamMeUppStudio/GlamMeUppStudioApp.swift; sourceTree = SOURCE_ROOT; };
		20FF4F8338DE4B87A3621EF2 /* Info.plist */ = {isa = PBXFileReference; lastKnownFileType = text.plist.xml; name = Info.plist; path = GlamMeUppStudio/Info.plist; sourceTree = SOURCE_ROOT; };
		10F908EB16AC423C80C05BAA /* MainTabView.swift */ = {isa = PBXFileReference; lastKnownFileType = sourcecode.swift; name = MainTabView.swift; path = GlamMeUppStudio/Views/MainTabView.swift; sourceTree = SOURCE_ROOT; };
		AD59BC2DD71A42F48FE6F403 /* AnalyticsDashboardView.swift */ = {isa = PBXFileReference; lastKnownFileType = sourcecode.swift; name = AnalyticsDashboardView.swift; path = GlamMeUppStudio/Views/Analytics/AnalyticsDashboardView.swift; sourceTree = SOURCE_ROOT; };
		C4680A399AAC4779B180AABA /* ClientGrowthChartView.swift */ = {isa = PBXFileReference; lastKnownFileType = sourcecode.swift; name = ClientGrowthChartView.swift; path = GlamMeUppStudio/Views/Analytics/ClientGrowthChartView.swift; sourceTree = SOURCE_ROOT; };
		77390938A17A43E5A0E4952B /* IncomeChartView.swift */ = {isa = PBXFileReference; lastKnownFileType = sourcecode.swift; name = IncomeChartView.swift; path = GlamMeUppStudio/Views/Analytics/IncomeChartView.swift; sourceTree = SOURCE_ROOT; };
		1BC50B0F4B554CA189AF5CF4 /* InstagramInsightsView.swift */ = {isa = PBXFileReference; lastKnownFileType = sourcecode.swift; name = InstagramInsightsView.swift; path = GlamMeUppStudio/Views/Analytics/InstagramInsightsView.swift; sourceTree = SOURCE_ROOT; };
		83434FD11924420DAD82EA01 /* ReceiptPreviewView.swift */ = {isa = PBXFileReference; lastKnownFileType = sourcecode.swift; name = ReceiptPreviewView.swift; path = GlamMeUppStudio/Views/Receipts/ReceiptPreviewView.swift; sourceTree = SOURCE_ROOT; };
		88128A0279E74335A6AB1C42 /* SettingsView.swift */ = {isa = PBXFileReference; lastKnownFileType = sourcecode.swift; name = SettingsView.swift; path = GlamMeUppStudio/Views/Settings/SettingsView.swift; sourceTree = SOURCE_ROOT; };
		28D4C272A46943F887ABC50F /* ClientDetailView.swift */ = {isa = PBXFileReference; lastKnownFileType = sourcecode.swift; name = ClientDetailView.swift; path = GlamMeUppStudio/Views/Clients/ClientDetailView.swift; sourceTree = SOURCE_ROOT; };
		B4133ACFB60F4623ACA2F425 /* ClientFormView.swift */ = {isa = PBXFileReference; lastKnownFileType = sourcecode.swift; name = ClientFormView.swift; path = GlamMeUppStudio/Views/Clients/ClientFormView.swift; sourceTree = SOURCE_ROOT; };
		C0904035E58249D4A5934790 /* ClientListView.swift */ = {isa = PBXFileReference; lastKnownFileType = sourcecode.swift; name = ClientListView.swift; path = GlamMeUppStudio/Views/Clients/ClientListView.swift; sourceTree = SOURCE_ROOT; };
		7BC6A85571324D13BC6DD965 /* FaceChartCanvasView.swift */ = {isa = PBXFileReference; lastKnownFileType = sourcecode.swift; name = FaceChartCanvasView.swift; path = GlamMeUppStudio/Views/Clients/FaceChartCanvasView.swift; sourceTree = SOURCE_ROOT; };
		DA6C2C46D4D54B36A08AC5B3 /* SkinProfileEditorView.swift */ = {isa = PBXFileReference; lastKnownFileType = sourcecode.swift; name = SkinProfileEditorView.swift; path = GlamMeUppStudio/Views/Clients/SkinProfileEditorView.swift; sourceTree = SOURCE_ROOT; };
		40412122F8DA4509B31852CC /* TimelineView.swift */ = {isa = PBXFileReference; lastKnownFileType = sourcecode.swift; name = TimelineView.swift; path = GlamMeUppStudio/Views/Clients/TimelineView.swift; sourceTree = SOURCE_ROOT; };
		93E1425CB0714E88A8FC5459 /* KitInventoryView.swift */ = {isa = PBXFileReference; lastKnownFileType = sourcecode.swift; name = KitInventoryView.swift; path = GlamMeUppStudio/Views/Kit/KitInventoryView.swift; sourceTree = SOURCE_ROOT; };
		AF52CC8A9C50479FAA346756 /* ExpenseListView.swift */ = {isa = PBXFileReference; lastKnownFileType = sourcecode.swift; name = ExpenseListView.swift; path = GlamMeUppStudio/Views/Expenses/ExpenseListView.swift; sourceTree = SOURCE_ROOT; };
		681ADDA3D6704E068D8265AC /* AppointmentFormView.swift */ = {isa = PBXFileReference; lastKnownFileType = sourcecode.swift; name = AppointmentFormView.swift; path = GlamMeUppStudio/Views/Calendar/AppointmentFormView.swift; sourceTree = SOURCE_ROOT; };
		2159E07361B7422683708F6C /* CalendarView.swift */ = {isa = PBXFileReference; lastKnownFileType = sourcecode.swift; name = CalendarView.swift; path = GlamMeUppStudio/Views/Calendar/CalendarView.swift; sourceTree = SOURCE_ROOT; };
		5553AFBE880B494CBCC362F6 /* ServiceLogView.swift */ = {isa = PBXFileReference; lastKnownFileType = sourcecode.swift; name = ServiceLogView.swift; path = GlamMeUppStudio/Views/ServiceLog/ServiceLogView.swift; sourceTree = SOURCE_ROOT; };
		04ACA002936742308873AB81 /* BridalContractListView.swift */ = {isa = PBXFileReference; lastKnownFileType = sourcecode.swift; name = BridalContractListView.swift; path = GlamMeUppStudio/Views/Bridal/BridalContractListView.swift; sourceTree = SOURCE_ROOT; };
		323CD29E25D74A6ABF2A67D3 /* GlassCard.swift */ = {isa = PBXFileReference; lastKnownFileType = sourcecode.swift; name = GlassCard.swift; path = GlamMeUppStudio/DesignSystem/GlassCard.swift; sourceTree = SOURCE_ROOT; };
		3B1D2558CB954221BE5E893D /* Theme.swift */ = {isa = PBXFileReference; lastKnownFileType = sourcecode.swift; name = Theme.swift; path = GlamMeUppStudio/DesignSystem/Theme.swift; sourceTree = SOURCE_ROOT; };
		76CC0619FF7F437CBF80FF63 /* AnalyticsSnapshot.swift */ = {isa = PBXFileReference; lastKnownFileType = sourcecode.swift; name = AnalyticsSnapshot.swift; path = GlamMeUppStudio/Models/AnalyticsSnapshot.swift; sourceTree = SOURCE_ROOT; };
		9F9A0669ADCA4F6D95D1ACA8 /* AnalyticsTypes.swift */ = {isa = PBXFileReference; lastKnownFileType = sourcecode.swift; name = AnalyticsTypes.swift; path = GlamMeUppStudio/Models/AnalyticsTypes.swift; sourceTree = SOURCE_ROOT; };
		DDED2D89464C400FBCBDB09E /* Appointment.swift */ = {isa = PBXFileReference; lastKnownFileType = sourcecode.swift; name = Appointment.swift; path = GlamMeUppStudio/Models/Appointment.swift; sourceTree = SOURCE_ROOT; };
		6F5168EACE2142309F419CAC /* BridalContract.swift */ = {isa = PBXFileReference; lastKnownFileType = sourcecode.swift; name = BridalContract.swift; path = GlamMeUppStudio/Models/BridalContract.swift; sourceTree = SOURCE_ROOT; };
		374613CB13A34352B59DC255 /* CustomerProfile.swift */ = {isa = PBXFileReference; lastKnownFileType = sourcecode.swift; name = CustomerProfile.swift; path = GlamMeUppStudio/Models/CustomerProfile.swift; sourceTree = SOURCE_ROOT; };
		52E4A58E90834839A2639D3C /* Enums.swift */ = {isa = PBXFileReference; lastKnownFileType = sourcecode.swift; name = Enums.swift; path = GlamMeUppStudio/Models/Enums.swift; sourceTree = SOURCE_ROOT; };
		2897C7124AC246D9AFCE6FD9 /* Expense.swift */ = {isa = PBXFileReference; lastKnownFileType = sourcecode.swift; name = Expense.swift; path = GlamMeUppStudio/Models/Expense.swift; sourceTree = SOURCE_ROOT; };
		EDBD51716BF849C9A43D8C6C /* FaceChart.swift */ = {isa = PBXFileReference; lastKnownFileType = sourcecode.swift; name = FaceChart.swift; path = GlamMeUppStudio/Models/FaceChart.swift; sourceTree = SOURCE_ROOT; };
		5D83913347B14D6F8FBD5A06 /* KitItem.swift */ = {isa = PBXFileReference; lastKnownFileType = sourcecode.swift; name = KitItem.swift; path = GlamMeUppStudio/Models/KitItem.swift; sourceTree = SOURCE_ROOT; };
		AD70D925CDC04628A33417CB /* Receipt.swift */ = {isa = PBXFileReference; lastKnownFileType = sourcecode.swift; name = Receipt.swift; path = GlamMeUppStudio/Models/Receipt.swift; sourceTree = SOURCE_ROOT; };
		2D990E80D9AB4ACC8E547657 /* ServiceCatalogItem.swift */ = {isa = PBXFileReference; lastKnownFileType = sourcecode.swift; name = ServiceCatalogItem.swift; path = GlamMeUppStudio/Models/ServiceCatalogItem.swift; sourceTree = SOURCE_ROOT; };
		7DC3CC1403A346BBAC1FB3D1 /* StudioConfiguration.swift */ = {isa = PBXFileReference; lastKnownFileType = sourcecode.swift; name = StudioConfiguration.swift; path = GlamMeUppStudio/Models/StudioConfiguration.swift; sourceTree = SOURCE_ROOT; };
		2DBADA83AD694E5CA944F155 /* TouchUpTemplate.swift */ = {isa = PBXFileReference; lastKnownFileType = sourcecode.swift; name = TouchUpTemplate.swift; path = GlamMeUppStudio/Models/TouchUpTemplate.swift; sourceTree = SOURCE_ROOT; };
		0BFCA1B3F06E45FDB7014789 /* career_seed.json */ = {isa = PBXFileReference; lastKnownFileType = text.json; name = career_seed.json; path = GlamMeUppStudio/Resources/SeedData/career_seed.json; sourceTree = SOURCE_ROOT; };
		361D098467D14D619117DE5F /* AnalyticsEngine.swift */ = {isa = PBXFileReference; lastKnownFileType = sourcecode.swift; name = AnalyticsEngine.swift; path = GlamMeUppStudio/Services/AnalyticsEngine.swift; sourceTree = SOURCE_ROOT; };
		F6EBF8DD105B4E31B768252C /* CancellationFeeCalculator.swift */ = {isa = PBXFileReference; lastKnownFileType = sourcecode.swift; name = CancellationFeeCalculator.swift; path = GlamMeUppStudio/Services/CancellationFeeCalculator.swift; sourceTree = SOURCE_ROOT; };
		6547FFAD97E548049680DA2A /* CareerDataSeeder.swift */ = {isa = PBXFileReference; lastKnownFileType = sourcecode.swift; name = CareerDataSeeder.swift; path = GlamMeUppStudio/Services/CareerDataSeeder.swift; sourceTree = SOURCE_ROOT; };
		5E5CCC457F0B44E6B80AB7E2 /* ConfigurationManager.swift */ = {isa = PBXFileReference; lastKnownFileType = sourcecode.swift; name = ConfigurationManager.swift; path = GlamMeUppStudio/Services/ConfigurationManager.swift; sourceTree = SOURCE_ROOT; };
		FA01DBDD30684573A841C923 /* CustomerProfileService.swift */ = {isa = PBXFileReference; lastKnownFileType = sourcecode.swift; name = CustomerProfileService.swift; path = GlamMeUppStudio/Services/CustomerProfileService.swift; sourceTree = SOURCE_ROOT; };
		3CC8B7BA4835441CB22FEFE1 /* IncomeAllocationService.swift */ = {isa = PBXFileReference; lastKnownFileType = sourcecode.swift; name = IncomeAllocationService.swift; path = GlamMeUppStudio/Services/IncomeAllocationService.swift; sourceTree = SOURCE_ROOT; };
		C8FC143C4DF6413188887F34 /* InstagramInsightsService.swift */ = {isa = PBXFileReference; lastKnownFileType = sourcecode.swift; name = InstagramInsightsService.swift; path = GlamMeUppStudio/Services/InstagramInsightsService.swift; sourceTree = SOURCE_ROOT; };
		DDED6D5317C644F49B055DAB /* KitInventoryService.swift */ = {isa = PBXFileReference; lastKnownFileType = sourcecode.swift; name = KitInventoryService.swift; path = GlamMeUppStudio/Services/KitInventoryService.swift; sourceTree = SOURCE_ROOT; };
		4600A2B890C6406B8CFCC6A9 /* ReceiptPDFGenerator.swift */ = {isa = PBXFileReference; lastKnownFileType = sourcecode.swift; name = ReceiptPDFGenerator.swift; path = GlamMeUppStudio/Services/ReceiptPDFGenerator.swift; sourceTree = SOURCE_ROOT; };
		13343D68242145749CFCE30B /* ServiceLogAnalyticsService.swift */ = {isa = PBXFileReference; lastKnownFileType = sourcecode.swift; name = ServiceLogAnalyticsService.swift; path = GlamMeUppStudio/Services/ServiceLogAnalyticsService.swift; sourceTree = SOURCE_ROOT; };
		2DBD737D1F7C482CB485FF19 /* TouchUpMessageEngine.swift */ = {isa = PBXFileReference; lastKnownFileType = sourcecode.swift; name = TouchUpMessageEngine.swift; path = GlamMeUppStudio/Services/TouchUpMessageEngine.swift; sourceTree = SOURCE_ROOT; };
		D0627382FADA4349A99AD3E8 /* TravelFeeCalculator.swift */ = {isa = PBXFileReference; lastKnownFileType = sourcecode.swift; name = TravelFeeCalculator.swift; path = GlamMeUppStudio/Services/TravelFeeCalculator.swift; sourceTree = SOURCE_ROOT; };
		58886A448A404BD2BC8DC750 /* Frameworks */ = {isa = PBXFrameworksBuildPhase; buildActionMask = 2147483647; files = (); runOnlyForDeploymentPostprocessing = 0; };
		E352B4DD495140ECAE267D76 /* GlamMeUppStudio */ = {isa = PBXGroup; children = (EA8B88C49F15474BA504B691 /* GlamMeUppStudioApp.swift */, 10F908EB16AC423C80C05BAA /* MainTabView.swift */, AD59BC2DD71A42F48FE6F403 /* AnalyticsDashboardView.swift */, C4680A399AAC4779B180AABA /* ClientGrowthChartView.swift */, 77390938A17A43E5A0E4952B /* IncomeChartView.swift */, 1BC50B0F4B554CA189AF5CF4 /* InstagramInsightsView.swift */, 83434FD11924420DAD82EA01 /* ReceiptPreviewView.swift */, 88128A0279E74335A6AB1C42 /* SettingsView.swift */, 28D4C272A46943F887ABC50F /* ClientDetailView.swift */, B4133ACFB60F4623ACA2F425 /* ClientFormView.swift */, C0904035E58249D4A5934790 /* ClientListView.swift */, 7BC6A85571324D13BC6DD965 /* FaceChartCanvasView.swift */, DA6C2C46D4D54B36A08AC5B3 /* SkinProfileEditorView.swift */, 40412122F8DA4509B31852CC /* TimelineView.swift */, 93E1425CB0714E88A8FC5459 /* KitInventoryView.swift */, AF52CC8A9C50479FAA346756 /* ExpenseListView.swift */, 681ADDA3D6704E068D8265AC /* AppointmentFormView.swift */, 2159E07361B7422683708F6C /* CalendarView.swift */, 5553AFBE880B494CBCC362F6 /* ServiceLogView.swift */, 04ACA002936742308873AB81 /* BridalContractListView.swift */, 323CD29E25D74A6ABF2A67D3 /* GlassCard.swift */, 3B1D2558CB954221BE5E893D /* Theme.swift */, 76CC0619FF7F437CBF80FF63 /* AnalyticsSnapshot.swift */, 9F9A0669ADCA4F6D95D1ACA8 /* AnalyticsTypes.swift */, DDED2D89464C400FBCBDB09E /* Appointment.swift */, 6F5168EACE2142309F419CAC /* BridalContract.swift */, 374613CB13A34352B59DC255 /* CustomerProfile.swift */, 52E4A58E90834839A2639D3C /* Enums.swift */, 2897C7124AC246D9AFCE6FD9 /* Expense.swift */, EDBD51716BF849C9A43D8C6C /* FaceChart.swift */, 5D83913347B14D6F8FBD5A06 /* KitItem.swift */, AD70D925CDC04628A33417CB /* Receipt.swift */, 2D990E80D9AB4ACC8E547657 /* ServiceCatalogItem.swift */, 7DC3CC1403A346BBAC1FB3D1 /* StudioConfiguration.swift */, 2DBADA83AD694E5CA944F155 /* TouchUpTemplate.swift */, 361D098467D14D619117DE5F /* AnalyticsEngine.swift */, F6EBF8DD105B4E31B768252C /* CancellationFeeCalculator.swift */, 6547FFAD97E548049680DA2A /* CareerDataSeeder.swift */, 5E5CCC457F0B44E6B80AB7E2 /* ConfigurationManager.swift */, FA01DBDD30684573A841C923 /* CustomerProfileService.swift */, 3CC8B7BA4835441CB22FEFE1 /* IncomeAllocationService.swift */, C8FC143C4DF6413188887F34 /* InstagramInsightsService.swift */, DDED6D5317C644F49B055DAB /* KitInventoryService.swift */, 4600A2B890C6406B8CFCC6A9 /* ReceiptPDFGenerator.swift */, 13343D68242145749CFCE30B /* ServiceLogAnalyticsService.swift */, 2DBD737D1F7C482CB485FF19 /* TouchUpMessageEngine.swift */, D0627382FADA4349A99AD3E8 /* TravelFeeCalculator.swift */, 20FF4F8338DE4B87A3621EF2 /* Info.plist */, 0BFCA1B3F06E45FDB7014789 /* career_seed.json */); path = GlamMeUppStudio; sourceTree = "<group>"; };
		65F44E85505B496FA8103EE8 /* Root */ = {isa = PBXGroup; children = (E352B4DD495140ECAE267D76, 17F19BEF4576478DA62A6403); sourceTree = "<group>"; };
		7B896E3B2C114DD38C632FF5 /* Sources */ = {isa = PBXSourcesBuildPhase; buildActionMask = 2147483647; files = (2A7B98D3F896488CB64A1CAC /* GlamMeUppStudioApp.swift in Sources */, B2213A02C43941A5A1727A3D /* MainTabView.swift in Sources */, EBD09881322F4FD28D62C4D1 /* AnalyticsDashboardView.swift in Sources */, 22C2ECF3955345218A95179C /* ClientGrowthChartView.swift in Sources */, 9F579C2DF9E243EE9E5BC8C8 /* IncomeChartView.swift in Sources */, 0AD66EAB97AF4DD686B20B99 /* InstagramInsightsView.swift in Sources */, 784DD50B311C4E79A10054A7 /* ReceiptPreviewView.swift in Sources */, 164D6DE2B149425DABDEE4B3 /* SettingsView.swift in Sources */, 5D495A0CA2154E9887492276 /* ClientDetailView.swift in Sources */, 3F5CC3801D3D48C793317F44 /* ClientFormView.swift in Sources */, 6DC2543BB34E422E814A3E2A /* ClientListView.swift in Sources */, F365337D9A0247B59B87BAEC /* FaceChartCanvasView.swift in Sources */, 7A49D40ACBE9411886750536 /* SkinProfileEditorView.swift in Sources */, EA83B4E7FFC14CFC91848A55 /* TimelineView.swift in Sources */, 3417E16C4D9846EDA3E73E9A /* KitInventoryView.swift in Sources */, CC88A794A93447E19A97286C /* ExpenseListView.swift in Sources */, 1C4379E852D847CE8F78FB8F /* AppointmentFormView.swift in Sources */, CE132CAD20974343BB712119 /* CalendarView.swift in Sources */, 1280C5CBF87048D5AE897814 /* ServiceLogView.swift in Sources */, AABA962746BB4625B537B6EB /* BridalContractListView.swift in Sources */, 8A5C22DC30634844BB48F801 /* GlassCard.swift in Sources */, 4DB53DD2C7AC4AF984E555F4 /* Theme.swift in Sources */, 324531AA7557451F938452AB /* AnalyticsSnapshot.swift in Sources */, 1E91228126E546EAB0951FB4 /* AnalyticsTypes.swift in Sources */, 7818EC4D48B549E6B8CB7D65 /* Appointment.swift in Sources */, BC69B55A1EB34818899315EB /* BridalContract.swift in Sources */, B97BB28C4238489790A9C135 /* CustomerProfile.swift in Sources */, 72FC57644C8A4276B411F2BE /* Enums.swift in Sources */, 2A618F0E6EF24815B755677A /* Expense.swift in Sources */, 845F2F984EC644C1A4D70DFA /* FaceChart.swift in Sources */, FA18D8D2976C44D89A31D08F /* KitItem.swift in Sources */, 51B9EB2CCE9543F7815F2F07 /* Receipt.swift in Sources */, 795CC0CE18574B96AD893565 /* ServiceCatalogItem.swift in Sources */, F551035E4DB3462EA1A606F9 /* StudioConfiguration.swift in Sources */, 366B0D0570034D3BA185EF20 /* TouchUpTemplate.swift in Sources */, B8A83DE5D0E34945BD299866 /* AnalyticsEngine.swift in Sources */, D48B5FD71F3A42C69D525054 /* CancellationFeeCalculator.swift in Sources */, 18F8DDB2A90F412F878F5295 /* CareerDataSeeder.swift in Sources */, 2E962D8DC64A4736986E674D /* ConfigurationManager.swift in Sources */, 14335377341A4FC9908C8ED9 /* CustomerProfileService.swift in Sources */, 4776F7DD45BD4FD6AC3A961A /* IncomeAllocationService.swift in Sources */, 7A0A041AE9144283A6C08492 /* InstagramInsightsService.swift in Sources */, 4042FF490B1341D1B9367A1B /* KitInventoryService.swift in Sources */, 7CC8412C98F74444ADE54A84 /* ReceiptPDFGenerator.swift in Sources */, 44C0CF732E1742B99D5FC37A /* ServiceLogAnalyticsService.swift in Sources */, C45B57BA073C4B6783739E83 /* TouchUpMessageEngine.swift in Sources */, 9F7BDDA1C0114B8EB70C8AA1 /* TravelFeeCalculator.swift in Sources */); runOnlyForDeploymentPostprocessing = 0; };
		A1DD397184D64013835415A5 /* Resources */ = {isa = PBXResourcesBuildPhase; buildActionMask = 2147483647; files = (); runOnlyForDeploymentPostprocessing = 0; };
		4A80F12E93F54A8188C60041 /* GlamMeUppStudio */ = {isa = PBXNativeTarget; buildConfigurationList = 205FC51F85B143C38D2B9351; buildPhases = (7B896E3B2C114DD38C632FF5, 58886A448A404BD2BC8DC750, A1DD397184D64013835415A5); buildRules = (); dependencies = (); name = GlamMeUppStudio; productName = GlamMeUppStudio; productReference = 17F19BEF4576478DA62A6403; productType = "com.apple.product-type.application"; };
		C4720D416FA14AEC96A89A69 /* Project */ = {isa = PBXProject; attributes = {LastUpgradeCheck = 1500; BuildIndependentTargetsInParallel = 1; }; buildConfigurationList = 490AEB6C4AE64CFA892C9BBA; compatibilityVersion = "Xcode 14.0"; developmentRegion = en; hasScannedForEncodings = 0; knownRegions = (en, Base); mainGroup = 65F44E85505B496FA8103EE8; productRefGroup = 17F19BEF4576478DA62A6403; projectDirPath = ""; projectRoot = ""; targets = (4A80F12E93F54A8188C60041); };
		7E524EC24B88483DB8BD8ABE /* Debug */ = {isa = XCBuildConfiguration; buildSettings = {ASSETCATALOG_COMPILER_APPICON_NAME = AppIcon; CODE_SIGN_STYLE = Automatic; CURRENT_PROJECT_VERSION = 1; DEVELOPMENT_TEAM = ""; GENERATE_INFOPLIST_FILE = NO; INFOPLIST_FILE = GlamMeUppStudio/Info.plist; IPHONEOS_DEPLOYMENT_TARGET = 17.0; LD_RUNPATH_SEARCH_PATHS = ("$(inherited)", "@executable_path/Frameworks"); MARKETING_VERSION = 1.0; PRODUCT_BUNDLE_IDENTIFIER = com.glammeupp.studio; PRODUCT_NAME = "$(TARGET_NAME)"; SWIFT_EMIT_LOC_STRINGS = YES; SWIFT_VERSION = 5.0; TARGETED_DEVICE_FAMILY = "1,2"; }; name = Debug; };
		DB2B590D131C49598B6E36A4 /* Release */ = {isa = XCBuildConfiguration; buildSettings = {ASSETCATALOG_COMPILER_APPICON_NAME = AppIcon; CODE_SIGN_STYLE = Automatic; CURRENT_PROJECT_VERSION = 1; DEVELOPMENT_TEAM = ""; GENERATE_INFOPLIST_FILE = NO; INFOPLIST_FILE = GlamMeUppStudio/Info.plist; IPHONEOS_DEPLOYMENT_TARGET = 17.0; LD_RUNPATH_SEARCH_PATHS = ("$(inherited)", "@executable_path/Frameworks"); MARKETING_VERSION = 1.0; PRODUCT_BUNDLE_IDENTIFIER = com.glammeupp.studio; PRODUCT_NAME = "$(TARGET_NAME)"; SWIFT_EMIT_LOC_STRINGS = YES; SWIFT_VERSION = 5.0; TARGETED_DEVICE_FAMILY = "1,2"; }; name = Release; };
		490AEB6C4AE64CFA892C9BBA /* Build configuration list for PBXProject */ = {isa = XCConfigurationList; buildConfigurations = (7E524EC24B88483DB8BD8ABE, DB2B590D131C49598B6E36A4); defaultConfigurationIsVisible = 0; defaultConfigurationName = Release; };
		205FC51F85B143C38D2B9351 /* Build configuration list for PBXNativeTarget */ = {isa = XCConfigurationList; buildConfigurations = (7E524EC24B88483DB8BD8ABE, DB2B590D131C49598B6E36A4); defaultConfigurationIsVisible = 0; defaultConfigurationName = Release; };
	};
	rootObject = C4720D416FA14AEC96A89A69 /* Project */;
}